
Microsoft Visual Studio Solution File, Format Version 12.00
# Visual Studio Version 17
VisualStudioVersion = 17.8.34322.80
MinimumVisualStudioVersion = 10.0.40219.1
Project("{FAE04EC0-301F-11D3-BF4B-00C04F79EFBC}") = "FormularioPrueba", "FormularioPrueba.csproj", "{1D16F40B-2D6D-4D08-89EA-A62F3E95F25B}"
EndProject
Global
	GlobalSection(SolutionConfigurationPlatforms) = preSolution
		Debug|Any CPU = Debug|Any CPU
		Release|Any CPU = Release|Any CPU
	EndGlobalSection
	GlobalSection(ProjectConfigurationPlatforms) = postSolution
		{1D16F40B-2D6D-4D08-89EA-A62F3E95F25B}.Debug|Any CPU.ActiveCfg = Debug|Any CPU
		{1D16F40B-2D6D-4D08-89EA-A62F3E95F25B}.Debug|Any CPU.Build.0 = Debug|Any CPU
		{1D16F40B-2D6D-4D08-89EA-A62F3E95F25B}.Release|Any CPU.ActiveCfg = Release|Any CPU
		{1D16F40B-2D6D-4D08-89EA-A62F3E95F25B}.Release|Any CPU.Build.0 = Release|Any CPU
	EndGlobalSection
	GlobalSection(SolutionProperties) = preSolution
		HideSolutionNode = FALSE
	EndGlobalSection
	GlobalSection(ExtensibilityGlobals) = postSolution
		SolutionGuid = {51F9D47A-285F-4D71-8AD5-BD89CAE8B1D6}
	EndGlobalSection
EndGlobal
